
Microsoft Visual Studio Solution File, Format Version 12.00
# Visual Studio Version 17
VisualStudioVersion = 17.14.36310.24
MinimumVisualStudioVersion = 10.0.40219.1
Project("{FAE04EC0-301F-11D3-BF4B-00C04F79EFBC}") = "Statki", "Statki\Statki.csproj", "{A591B85E-F5E5-4AA7-9C55-702518442914}"
EndProject
Project("{FAE04EC0-301F-11D3-BF4B-00C04F79EFBC}") = "StatkiSerwer", "StatkiSerwer\StatkiSerwer.csproj", "{BC919000-BB7B-4039-994F-EC46239B5ACA}"
EndProject
Global
	GlobalSection(SolutionConfigurationPlatforms) = preSolution
		Debug|Any CPU = Debug|Any CPU
		Release|Any CPU = Release|Any CPU
	EndGlobalSection
	GlobalSection(ProjectConfigurationPlatforms) = postSolution
		{A591B85E-F5E5-4AA7-9C55-702518442914}.Debug|Any CPU.ActiveCfg = Debug|Any CPU
		{A591B85E-F5E5-4AA7-9C55-702518442914}.Debug|Any CPU.Build.0 = Debug|Any CPU
		{A591B85E-F5E5-4AA7-9C55-702518442914}.Release|Any CPU.ActiveCfg = Release|Any CPU
		{A591B85E-F5E5-4AA7-9C55-702518442914}.Release|Any CPU.Build.0 = Release|Any CPU
		{BC919000-BB7B-4039-994F-EC46239B5ACA}.Debug|Any CPU.ActiveCfg = Debug|Any CPU
		{BC919000-BB7B-4039-994F-EC46239B5ACA}.Debug|Any CPU.Build.0 = Debug|Any CPU
		{BC919000-BB7B-4039-994F-EC46239B5ACA}.Release|Any CPU.ActiveCfg = Release|Any CPU
		{BC919000-BB7B-4039-994F-EC46239B5ACA}.Release|Any CPU.Build.0 = Release|Any CPU
	EndGlobalSection
	GlobalSection(SolutionProperties) = preSolution
		HideSolutionNode = FALSE
	EndGlobalSection
	GlobalSection(ExtensibilityGlobals) = postSolution
		SolutionGuid = {FCD4A013-87A7-4EE0-8DA7-F94DE7BB71AA}
	EndGlobalSection
EndGlobal
